
Microsoft Visual Studio Solution File, Format Version 12.00
# Visual Studio 15
VisualStudioVersion = 15.0.27130.2020
MinimumVisualStudioVersion = 10.0.40219.1
Project("{9A19103F-16F7-4668-BE54-9A1E7A4F7556}") = "BookShop.Api", "BookShop.Api\BookShop.Api.csproj", "{F24D0CC0-AEB6-4085-9087-C761E2859575}"
EndProject
Project("{9A19103F-16F7-4668-BE54-9A1E7A4F7556}") = "BookShop.Data", "BookShop.Data\BookShop.Data.csproj", "{070C910E-7E69-4EA9-A3F0-DCAD64447689}"
EndProject
Project("{9A19103F-16F7-4668-BE54-9A1E7A4F7556}") = "BookShop.Services", "BookShop.Services\BookShop.Services.csproj", "{60005F7E-46F4-4856-B1ED-D6A19F6727DE}"
EndProject
Project("{FAE04EC0-301F-11D3-BF4B-00C04F79EFBC}") = "BookShop.Common", "BookShop.Common\BookShop.Common.csproj", "{5C95A3AC-5752-4F92-A579-D5058440E691}"
EndProject
Global
	GlobalSection(SolutionConfigurationPlatforms) = preSolution
		Debug|Any CPU = Debug|Any CPU
		Release|Any CPU = Release|Any CPU
	EndGlobalSection
	GlobalSection(ProjectConfigurationPlatforms) = postSolution
		{F24D0CC0-AEB6-4085-9087-C761E2859575}.Debug|Any CPU.ActiveCfg = Debug|Any CPU
		{F24D0CC0-AEB6-4085-9087-C761E2859575}.Debug|Any CPU.Build.0 = Debug|Any CPU
		{F24D0CC0-AEB6-4085-9087-C761E2859575}.Release|Any CPU.ActiveCfg = Release|Any CPU
		{F24D0CC0-AEB6-4085-9087-C761E2859575}.Release|Any CPU.Build.0 = Release|Any CPU
		{070C910E-7E69-4EA9-A3F0-DCAD64447689}.Debug|Any CPU.ActiveCfg = Debug|Any CPU
		{070C910E-7E69-4EA9-A3F0-DCAD64447689}.Debug|Any CPU.Build.0 = Debug|Any CPU
		{070C910E-7E69-4EA9-A3F0-DCAD64447689}.Release|Any CPU.ActiveCfg = Release|Any CPU
		{070C910E-7E69-4EA9-A3F0-DCAD64447689}.Release|Any CPU.Build.0 = Release|Any CPU
		{60005F7E-46F4-4856-B1ED-D6A19F6727DE}.Debug|Any CPU.ActiveCfg = Debug|Any CPU
		{60005F7E-46F4-4856-B1ED-D6A19F6727DE}.Debug|Any CPU.Build.0 = Debug|Any CPU
		{60005F7E-46F4-4856-B1ED-D6A19F6727DE}.Release|Any CPU.ActiveCfg = Release|Any CPU
		{60005F7E-46F4-4856-B1ED-D6A19F6727DE}.Release|Any CPU.Build.0 = Release|Any CPU
		{5C95A3AC-5752-4F92-A579-D5058440E691}.Debug|Any CPU.ActiveCfg = Debug|Any CPU
		{5C95A3AC-5752-4F92-A579-D5058440E691}.Debug|Any CPU.Build.0 = Debug|Any CPU
		{5C95A3AC-5752-4F92-A579-D5058440E691}.Release|Any CPU.ActiveCfg = Release|Any CPU
		{5C95A3AC-5752-4F92-A579-D5058440E691}.Release|Any CPU.Build.0 = Release|Any CPU
	EndGlobalSection
	GlobalSection(SolutionProperties) = preSolution
		HideSolutionNode = FALSE
	EndGlobalSection
	GlobalSection(ExtensibilityGlobals) = postSolution
		SolutionGuid = {49109850-87AC-4FEF-A344-E584804F2AAD}
	EndGlobalSection
EndGlobal
