
Microsoft Visual Studio Solution File, Format Version 12.00
# Visual Studio 15
VisualStudioVersion = 15.0.27130.2020
MinimumVisualStudioVersion = 10.0.40219.1
Project("{FAE04EC0-301F-11D3-BF4B-00C04F79EFBC}") = "BookShop.Api", "BookShop.Api\BookShop.Api.csproj", "{F24D0CC0-AEB6-4085-9087-C761E2859575}"
EndProject
Project("{FAE04EC0-301F-11D3-BF4B-00C04F79EFBC}") = "BookShop.Data", "BookShop.Data\BookShop.Data.csproj", "{070C910E-7E69-4EA9-A3F0-DCAD64447689}"
EndProject
Global
	GlobalSection(SolutionConfigurationPlatforms) = preSolution
		Debug|Any CPU = Debug|Any CPU
		Release|Any CPU = Release|Any CPU
	EndGlobalSection
	GlobalSection(ProjectConfigurationPlatforms) = postSolution
		{F24D0CC0-AEB6-4085-9087-C761E2859575}.Debug|Any CPU.ActiveCfg = Debug|Any CPU
		{F24D0CC0-AEB6-4085-9087-C761E2859575}.Debug|Any CPU.Build.0 = Debug|Any CPU
		{F24D0CC0-AEB6-4085-9087-C761E2859575}.Release|Any CPU.ActiveCfg = Release|Any CPU
		{F24D0CC0-AEB6-4085-9087-C761E2859575}.Release|Any CPU.Build.0 = Release|Any CPU
		{070C910E-7E69-4EA9-A3F0-DCAD64447689}.Debug|Any CPU.ActiveCfg = Debug|Any CPU
		{070C910E-7E69-4EA9-A3F0-DCAD64447689}.Debug|Any CPU.Build.0 = Debug|Any CPU
		{070C910E-7E69-4EA9-A3F0-DCAD64447689}.Release|Any CPU.ActiveCfg = Release|Any CPU
		{070C910E-7E69-4EA9-A3F0-DCAD64447689}.Release|Any CPU.Build.0 = Release|Any CPU
	EndGlobalSection
	GlobalSection(SolutionProperties) = preSolution
		HideSolutionNode = FALSE
	EndGlobalSection
	GlobalSection(ExtensibilityGlobals) = postSolution
		SolutionGuid = {49109850-87AC-4FEF-A344-E584804F2AAD}
	EndGlobalSection
EndGlobal
